
Microsoft Visual Studio Solution File, Format Version 12.00
# Visual Studio Version 17
VisualStudioVersion = 17.3.32825.248
MinimumVisualStudioVersion = 10.0.40219.1
Project("{FAE04EC0-301F-11D3-BF4B-00C04F79EFBC}") = "CSharpCalculator", "CSharpCalculator\CSharpCalculator.csproj", "{9833F982-23EB-4AAB-BAA8-5F10AB5D2052}"
EndProject
Global
	GlobalSection(SolutionConfigurationPlatforms) = preSolution
		Debug|Any CPU = Debug|Any CPU
		Release|Any CPU = Release|Any CPU
	EndGlobalSection
	GlobalSection(ProjectConfigurationPlatforms) = postSolution
		{9833F982-23EB-4AAB-BAA8-5F10AB5D2052}.Debug|Any CPU.ActiveCfg = Debug|Any CPU
		{9833F982-23EB-4AAB-BAA8-5F10AB5D2052}.Debug|Any CPU.Build.0 = Debug|Any CPU
		{9833F982-23EB-4AAB-BAA8-5F10AB5D2052}.Release|Any CPU.ActiveCfg = Release|Any CPU
		{9833F982-23EB-4AAB-BAA8-5F10AB5D2052}.Release|Any CPU.Build.0 = Release|Any CPU
	EndGlobalSection
	GlobalSection(SolutionProperties) = preSolution
		HideSolutionNode = FALSE
	EndGlobalSection
	GlobalSection(ExtensibilityGlobals) = postSolution
		SolutionGuid = {D6843882-B93E-4685-A557-CA8A1B031F36}
	EndGlobalSection
EndGlobal
